
Microsoft Visual Studio Solution File, Format Version 12.00
# Visual Studio Version 16
VisualStudioVersion = 16.0.29613.14
MinimumVisualStudioVersion = 10.0.40219.1
Project("{9A19103F-16F7-4668-BE54-9A1E7A4F7556}") = "JogaFacil.Api", "JogaFacil.Api\JogaFacil.Api.csproj", "{EC3A1448-941E-4131-9011-04F6DDC0FBA2}"
EndProject
Global
	GlobalSection(SolutionConfigurationPlatforms) = preSolution
		Debug|Any CPU = Debug|Any CPU
		Release|Any CPU = Release|Any CPU
	EndGlobalSection
	GlobalSection(ProjectConfigurationPlatforms) = postSolution
		{EC3A1448-941E-4131-9011-04F6DDC0FBA2}.Debug|Any CPU.ActiveCfg = Debug|Any CPU
		{EC3A1448-941E-4131-9011-04F6DDC0FBA2}.Debug|Any CPU.Build.0 = Debug|Any CPU
		{EC3A1448-941E-4131-9011-04F6DDC0FBA2}.Release|Any CPU.ActiveCfg = Release|Any CPU
		{EC3A1448-941E-4131-9011-04F6DDC0FBA2}.Release|Any CPU.Build.0 = Release|Any CPU
	EndGlobalSection
	GlobalSection(SolutionProperties) = preSolution
		HideSolutionNode = FALSE
	EndGlobalSection
	GlobalSection(ExtensibilityGlobals) = postSolution
		SolutionGuid = {A62878DF-A4CC-4A2B-9178-7988F64C2AD5}
	EndGlobalSection
EndGlobal
